<?xml version="1.0" encoding="utf-8"?>
<Project ToolsVersion="4.0" xmlns="http://schemas.microsoft.com/developer/msbuild/2003">
  <ItemGroup>
    <Filter Include="File di origine">
      <UniqueIdentifier>{4FC737F1-C7A5-4376-A066-2A32D752A2FF}</UniqueIdentifier>
      <Extensions>cpp;c;cc;cxx;c++;cppm;ixx;def;odl;idl;hpj;bat;asm;asmx</Extensions>
    </Filter>
    <Filter Include="File di intestazione">
      <UniqueIdentifier>{93995380-89BD-4b04-88EB-625FBE52EBFB}</UniqueIdentifier>
      <Extensions>h;hh;hpp;hxx;h++;hm;inl;inc;ipp;xsd</Extensions>
    </Filter>
    <Filter Include="File di risorse">
      <UniqueIdentifier>{67DA6AB6-F800-4c08-8B7A-83BB121AAD01}</UniqueIdentifier>
      <Extensions>rc;ico;cur;bmp;dlg;rc2;rct;bin;rgs;gif;jpg;jpeg;jpe;resx;tiff;tif;png;wav;mfcribbon-ms</Extensions>
    </Filter>
    <Filter Include="File di risorse\shd_exercises">
      <UniqueIdentifier>{8fd998a1-2aaa-407c-99a3-52b5d938dc89}</UniqueIdentifier>
    </Filter>
  </ItemGroup>
  <ItemGroup>
    <ClCompile Include="main.cpp">
      <Filter>File di origine</Filter>
    </ClCompile>
    <ClCompile Include="include\glad.c">
      <Filter>File di origine</Filter>
    </ClCompile>
    <ClCompile Include="src\Board.cpp">
      <Filter>File di origine</Filter>
    </ClCompile>
    <ClCompile Include="src\Shader.cpp">
      <Filter>File di origine</Filter>
    </ClCompile>
    <ClCompile Include="include\lodepng\lodepng.cpp">
      <Filter>File di origine</Filter>
    </ClCompile>
  </ItemGroup>
  <ItemGroup>
    <Text Include="shaders\background_fshd.glsl">
      <Filter>File di risorse</Filter>
    </Text>
    <Text Include="shaders\background_vshd.glsl">
      <Filter>File di risorse</Filter>
    </Text>
  </ItemGroup>
  <ItemGroup>
    <ClInclude Include="include\Board.h">
      <Filter>File di intestazione</Filter>
    </ClInclude>
    <ClInclude Include="include\Shader.h">
      <Filter>File di intestazione</Filter>
    </ClInclude>
    <ClInclude Include="include\stb_image.h">
      <Filter>File di intestazione</Filter>
    </ClInclude>
  </ItemGroup>
  <ItemGroup>
    <None Include="shaders\grid_vshd.glsl">
      <Filter>File di risorse</Filter>
    </None>
    <None Include="shaders\grid_fshd.glsl">
      <Filter>File di risorse</Filter>
    </None>
    <None Include="shaders\exercise\ex1_vshd.glsl">
      <Filter>File di risorse\shd_exercises</Filter>
    </None>
    <None Include="shaders\exercise\ex1_fshd.glsl">
      <Filter>File di risorse\shd_exercises</Filter>
    </None>
    <None Include="shaders\exercise\ex2_vshd.glsl">
      <Filter>File di risorse\shd_exercises</Filter>
    </None>
    <None Include="shaders\exercise\ex2_fshd.glsl">
      <Filter>File di risorse\shd_exercises</Filter>
    </None>
    <None Include="shaders\exercise\ex3_0_vshd.glsl" />
    <None Include="shaders\exercise\ex3_0_fshd.glsl" />
    <None Include="shaders\exercise\ex3_1_vshd.glsl" />
    <None Include="shaders\exercise\ex3_1_fshd.glsl" />
  </ItemGroup>
  <ItemGroup>
    <Image Include="img\undertale.png">
      <Filter>File di risorse</Filter>
    </Image>
    <Image Include="img\container.jpg">
      <Filter>File di risorse</Filter>
    </Image>
  </ItemGroup>
</Project>